
Microsoft Visual Studio Solution File, Format Version 12.00
# Visual Studio Version 17
VisualStudioVersion = 17.4.33213.308
MinimumVisualStudioVersion = 10.0.40219.1
Project("{FAE04EC0-301F-11D3-BF4B-00C04F79EFBC}") = "AnimalInheritance", "AnimalInheritance\AnimalInheritance.csproj", "{93663675-C780-4B25-A8D3-6FF3C6B2E206}"
EndProject
Global
	GlobalSection(SolutionConfigurationPlatforms) = preSolution
		Debug|Any CPU = Debug|Any CPU
		Release|Any CPU = Release|Any CPU
	EndGlobalSection
	GlobalSection(ProjectConfigurationPlatforms) = postSolution
		{93663675-C780-4B25-A8D3-6FF3C6B2E206}.Debug|Any CPU.ActiveCfg = Debug|Any CPU
		{93663675-C780-4B25-A8D3-6FF3C6B2E206}.Debug|Any CPU.Build.0 = Debug|Any CPU
		{93663675-C780-4B25-A8D3-6FF3C6B2E206}.Release|Any CPU.ActiveCfg = Release|Any CPU
		{93663675-C780-4B25-A8D3-6FF3C6B2E206}.Release|Any CPU.Build.0 = Release|Any CPU
	EndGlobalSection
	GlobalSection(SolutionProperties) = preSolution
		HideSolutionNode = FALSE
	EndGlobalSection
	GlobalSection(ExtensibilityGlobals) = postSolution
		SolutionGuid = {F87AF186-1FED-4114-B63D-B4C001EF4B73}
	EndGlobalSection
EndGlobal
